{
    "name": "sqlpage-migrate",
    "version": "1.0.0",
    "lockfileVersion": 3,
    "requires": true,
    "packages": {
        "": {
            "name": "sqlpage-migrate",
            "version": "1.0.0",
            "license": "MIT",
            "bin": {
                "sqlpage-migration-mgr": "index.js"
            },
            "engines": {
                "node": ">=14"
            }
        }
    }
}
